// !$*UTF8*$!
{
	archiveVersion = 1;
	classes = {
	};
	objectVersion = 46;
	objects = {

/* Begin PBXBuildFile section */
		20BDFF7D55B2836208BDC77C /* Pods_Contact3H.framework in Frameworks */ = {isa = PBXBuildFile; fileRef = 134FB40FA75365312ACA20FA /* Pods_Contact3H.framework */; };
		AA07FA501F6CE46600F87BFD /* ContactTableViewCell.swift in Sources */ = {isa = PBXBuildFile; fileRef = AA07FA4F1F6CE46600F87BFD /* ContactTableViewCell.swift */; };
		AA7E32BF1F689F7B003E7215 /* UserDefaultKey.swift in Sources */ = {isa = PBXBuildFile; fileRef = AA7E32BE1F689F7B003E7215 /* UserDefaultKey.swift */; };
		AA7E32C11F68A1DE003E7215 /* ContactsViewController.swift in Sources */ = {isa = PBXBuildFile; fileRef = AA7E32C01F68A1DE003E7215 /* ContactsViewController.swift */; };
		AA7E32C41F68A201003E7215 /* Contacts.storyboard in Resources */ = {isa = PBXBuildFile; fileRef = AA7E32C21F68A201003E7215 /* Contacts.storyboard */; };
		AA8FF5761F66FDA800D0960B /* Contact.swift in Sources */ = {isa = PBXBuildFile; fileRef = AA8FF5751F66FDA800D0960B /* Contact.swift */; };
		AA9F8C6B1F6CF08E00D3AD08 /* ExtensionsColor.swift in Sources */ = {isa = PBXBuildFile; fileRef = AA9F8C6A1F6CF08E00D3AD08 /* ExtensionsColor.swift */; };
		AAEF43B61F65932C00BFAB16 /* AppDelegate.swift in Sources */ = {isa = PBXBuildFile; fileRef = AAEF43B51F65932C00BFAB16 /* AppDelegate.swift */; };
		AAEF43B81F65932C00BFAB16 /* TabBarController.swift in Sources */ = {isa = PBXBuildFile; fileRef = AAEF43B71F65932C00BFAB16 /* TabBarController.swift */; };
		AAEF43BB1F65932C00BFAB16 /* Main.storyboard in Resources */ = {isa = PBXBuildFile; fileRef = AAEF43B91F65932C00BFAB16 /* Main.storyboard */; };
		AAEF43BE1F65932C00BFAB16 /* Contact3H.xcdatamodeld in Sources */ = {isa = PBXBuildFile; fileRef = AAEF43BC1F65932C00BFAB16 /* Contact3H.xcdatamodeld */; };
		AAEF43C01F65932C00BFAB16 /* Assets.xcassets in Resources */ = {isa = PBXBuildFile; fileRef = AAEF43BF1F65932C00BFAB16 /* Assets.xcassets */; };
		AAEF43C31F65932C00BFAB16 /* LaunchScreen.storyboard in Resources */ = {isa = PBXBuildFile; fileRef = AAEF43C11F65932C00BFAB16 /* LaunchScreen.storyboard */; };
/* End PBXBuildFile section */

/* Begin PBXFileReference section */
		134FB40FA75365312ACA20FA /* Pods_Contact3H.framework */ = {isa = PBXFileReference; explicitFileType = wrapper.framework; includeInIndex = 0; path = Pods_Contact3H.framework; sourceTree = BUILT_PRODUCTS_DIR; };
		A455B490844E00A04DDCAF6B /* Pods-Contact3H.release.xcconfig */ = {isa = PBXFileReference; includeInIndex = 1; lastKnownFileType = text.xcconfig; name = "Pods-Contact3H.release.xcconfig"; path = "Pods/Target Support Files/Pods-Contact3H/Pods-Contact3H.release.xcconfig"; sourceTree = "<group>"; };
		A997F9075ADFC5C4BF86DE7B /* Pods-Contact3H.debug.xcconfig */ = {isa = PBXFileReference; includeInIndex = 1; lastKnownFileType = text.xcconfig; name = "Pods-Contact3H.debug.xcconfig"; path = "Pods/Target Support Files/Pods-Contact3H/Pods-Contact3H.debug.xcconfig"; sourceTree = "<group>"; };
		AA07FA4F1F6CE46600F87BFD /* ContactTableViewCell.swift */ = {isa = PBXFileReference; fileEncoding = 4; lastKnownFileType = sourcecode.swift; path = ContactTableViewCell.swift; sourceTree = "<group>"; };
		AA7E32BE1F689F7B003E7215 /* UserDefaultKey.swift */ = {isa = PBXFileReference; fileEncoding = 4; lastKnownFileType = sourcecode.swift; path = UserDefaultKey.swift; sourceTree = "<group>"; };
		AA7E32C01F68A1DE003E7215 /* ContactsViewController.swift */ = {isa = PBXFileReference; fileEncoding = 4; lastKnownFileType = sourcecode.swift; path = ContactsViewController.swift; sourceTree = "<group>"; };
		AA7E32C31F68A201003E7215 /* Base */ = {isa = PBXFileReference; lastKnownFileType = file.storyboard; name = Base; path = Base.lproj/Contacts.storyboard; sourceTree = "<group>"; };
		AA8FF5751F66FDA800D0960B /* Contact.swift */ = {isa = PBXFileReference; fileEncoding = 4; lastKnownFileType = sourcecode.swift; path = Contact.swift; sourceTree = "<group>"; };
		AA9F8C6A1F6CF08E00D3AD08 /* ExtensionsColor.swift */ = {isa = PBXFileReference; fileEncoding = 4; lastKnownFileType = sourcecode.swift; path = ExtensionsColor.swift; sourceTree = "<group>"; };
		AAEF43B21F65932C00BFAB16 /* Contact3H.app */ = {isa = PBXFileReference; explicitFileType = wrapper.application; includeInIndex = 0; path = Contact3H.app; sourceTree = BUILT_PRODUCTS_DIR; };
		AAEF43B51F65932C00BFAB16 /* AppDelegate.swift */ = {isa = PBXFileReference; lastKnownFileType = sourcecode.swift; path = AppDelegate.swift; sourceTree = "<group>"; };
		AAEF43B71F65932C00BFAB16 /* TabBarController.swift */ = {isa = PBXFileReference; lastKnownFileType = sourcecode.swift; path = TabBarController.swift; sourceTree = "<group>"; };
		AAEF43BA1F65932C00BFAB16 /* Base */ = {isa = PBXFileReference; lastKnownFileType = file.storyboard; name = Base; path = Base.lproj/Main.storyboard; sourceTree = "<group>"; };
		AAEF43BD1F65932C00BFAB16 /* Contact3H.xcdatamodel */ = {isa = PBXFileReference; lastKnownFileType = wrapper.xcdatamodel; path = Contact3H.xcdatamodel; sourceTree = "<group>"; };
		AAEF43BF1F65932C00BFAB16 /* Assets.xcassets */ = {isa = PBXFileReference; lastKnownFileType = folder.assetcatalog; path = Assets.xcassets; sourceTree = "<group>"; };
		AAEF43C21F65932C00BFAB16 /* Base */ = {isa = PBXFileReference; lastKnownFileType = file.storyboard; name = Base; path = Base.lproj/LaunchScreen.storyboard; sourceTree = "<group>"; };
		AAEF43C41F65932C00BFAB16 /* Info.plist */ = {isa = PBXFileReference; lastKnownFileType = text.plist.xml; path = Info.plist; sourceTree = "<group>"; };
/* End PBXFileReference section */

/* Begin PBXFrameworksBuildPhase section */
		AAEF43AF1F65932B00BFAB16 /* Frameworks */ = {
			isa = PBXFrameworksBuildPhase;
			buildActionMask = 2147483647;
			files = (
				20BDFF7D55B2836208BDC77C /* Pods_Contact3H.framework in Frameworks */,
			);
			runOnlyForDeploymentPostprocessing = 0;
		};
/* End PBXFrameworksBuildPhase section */

/* Begin PBXGroup section */
		3F9F502747E964F8AEF7560A /* Pods */ = {
			isa = PBXGroup;
			children = (
				A997F9075ADFC5C4BF86DE7B /* Pods-Contact3H.debug.xcconfig */,
				A455B490844E00A04DDCAF6B /* Pods-Contact3H.release.xcconfig */,
			);
			name = Pods;
			sourceTree = "<group>";
		};
		AA7E32BC1F689EF2003E7215 /* Controllers */ = {
			isa = PBXGroup;
			children = (
				AAEF43B71F65932C00BFAB16 /* TabBarController.swift */,
				AA7E32C01F68A1DE003E7215 /* ContactsViewController.swift */,
				AA07FA4F1F6CE46600F87BFD /* ContactTableViewCell.swift */,
			);
			name = Controllers;
			sourceTree = "<group>";
		};
		AA7E32BD1F689F69003E7215 /* Common */ = {
			isa = PBXGroup;
			children = (
				AA7E32BE1F689F7B003E7215 /* UserDefaultKey.swift */,
				AA9F8C6A1F6CF08E00D3AD08 /* ExtensionsColor.swift */,
			);
			name = Common;
			sourceTree = "<group>";
		};
		AA8FF5741F66FD8800D0960B /* Model */ = {
			isa = PBXGroup;
			children = (
				AA8FF5751F66FDA800D0960B /* Contact.swift */,
			);
			name = Model;
			sourceTree = "<group>";
		};
		AAEF43A91F65932B00BFAB16 = {
			isa = PBXGroup;
			children = (
				AAEF43B41F65932C00BFAB16 /* Contact3H */,
				AAEF43B31F65932C00BFAB16 /* Products */,
				3F9F502747E964F8AEF7560A /* Pods */,
				EA37812C9F29C967EE2ED7A8 /* Frameworks */,
			);
			sourceTree = "<group>";
		};
		AAEF43B31F65932C00BFAB16 /* Products */ = {
			isa = PBXGroup;
			children = (
				AAEF43B21F65932C00BFAB16 /* Contact3H.app */,
			);
			name = Products;
			sourceTree = "<group>";
		};
		AAEF43B41F65932C00BFAB16 /* Contact3H */ = {
			isa = PBXGroup;
			children = (
				AA7E32BD1F689F69003E7215 /* Common */,
				AA8FF5741F66FD8800D0960B /* Model */,
				AAEF43B51F65932C00BFAB16 /* AppDelegate.swift */,
				AA7E32BC1F689EF2003E7215 /* Controllers */,
				AAEF43B91F65932C00BFAB16 /* Main.storyboard */,
				AA7E32C21F68A201003E7215 /* Contacts.storyboard */,
				AAEF43BF1F65932C00BFAB16 /* Assets.xcassets */,
				AAEF43C11F65932C00BFAB16 /* LaunchScreen.storyboard */,
				AAEF43C41F65932C00BFAB16 /* Info.plist */,
				AAEF43BC1F65932C00BFAB16 /* Contact3H.xcdatamodeld */,
			);
			path = Contact3H;
			sourceTree = "<group>";
		};
		EA37812C9F29C967EE2ED7A8 /* Frameworks */ = {
			isa = PBXGroup;
			children = (
				134FB40FA75365312ACA20FA /* Pods_Contact3H.framework */,
			);
			name = Frameworks;
			sourceTree = "<group>";
		};
/* End PBXGroup section */

/* Begin PBXNativeTarget section */
		AAEF43B11F65932B00BFAB16 /* Contact3H */ = {
			isa = PBXNativeTarget;
			buildConfigurationList = AAEF43C71F65932C00BFAB16 /* Build configuration list for PBXNativeTarget "Contact3H" */;
			buildPhases = (
				B534ED35366FCCFCC1CEF36E /* [CP] Check Pods Manifest.lock */,
				AAEF43AE1F65932B00BFAB16 /* Sources */,
				AAEF43AF1F65932B00BFAB16 /* Frameworks */,
				AAEF43B01F65932B00BFAB16 /* Resources */,
				3B933793843F2F26C402F48F /* [CP] Embed Pods Frameworks */,
				32D366F490441564673E41F2 /* [CP] Copy Pods Resources */,
			);
			buildRules = (
			);
			dependencies = (
			);
			name = Contact3H;
			productName = Contact3H;
			productReference = AAEF43B21F65932C00BFAB16 /* Contact3H.app */;
			productType = "com.apple.product-type.application";
		};
/* End PBXNativeTarget section */

/* Begin PBXProject section */
		AAEF43AA1F65932B00BFAB16 /* Project object */ = {
			isa = PBXProject;
			attributes = {
				LastSwiftUpdateCheck = 0830;
				LastUpgradeCheck = 0830;
				ORGANIZATIONNAME = MTQ;
				TargetAttributes = {
					AAEF43B11F65932B00BFAB16 = {
						CreatedOnToolsVersion = 8.3.3;
						ProvisioningStyle = Automatic;
					};
				};
			};
			buildConfigurationList = AAEF43AD1F65932B00BFAB16 /* Build configuration list for PBXProject "Contact3H" */;
			compatibilityVersion = "Xcode 3.2";
			developmentRegion = English;
			hasScannedForEncodings = 0;
			knownRegions = (
				en,
				Base,
			);
			mainGroup = AAEF43A91F65932B00BFAB16;
			productRefGroup = AAEF43B31F65932C00BFAB16 /* Products */;
			projectDirPath = "";
			projectRoot = "";
			targets = (
				AAEF43B11F65932B00BFAB16 /* Contact3H */,
			);
		};
/* End PBXProject section */

/* Begin PBXResourcesBuildPhase section */
		AAEF43B01F65932B00BFAB16 /* Resources */ = {
			isa = PBXResourcesBuildPhase;
			buildActionMask = 2147483647;
			files = (
				AAEF43C31F65932C00BFAB16 /* LaunchScreen.storyboard in Resources */,
				AA7E32C41F68A201003E7215 /* Contacts.storyboard in Resources */,
				AAEF43C01F65932C00BFAB16 /* Assets.xcassets in Resources */,
				AAEF43BB1F65932C00BFAB16 /* Main.storyboard in Resources */,
			);
			runOnlyForDeploymentPostprocessing = 0;
		};
/* End PBXResourcesBuildPhase section */

/* Begin PBXShellScriptBuildPhase section */
		32D366F490441564673E41F2 /* [CP] Copy Pods Resources */ = {
			isa = PBXShellScriptBuildPhase;
			buildActionMask = 2147483647;
			files = (
			);
			inputPaths = (
			);
			name = "[CP] Copy Pods Resources";
			outputPaths = (
			);
			runOnlyForDeploymentPostprocessing = 0;
			shellPath = /bin/sh;
			shellScript = "\"${SRCROOT}/Pods/Target Support Files/Pods-Contact3H/Pods-Contact3H-resources.sh\"\n";
			showEnvVarsInLog = 0;
		};
		3B933793843F2F26C402F48F /* [CP] Embed Pods Frameworks */ = {
			isa = PBXShellScriptBuildPhase;
			buildActionMask = 2147483647;
			files = (
			);
			inputPaths = (
			);
			name = "[CP] Embed Pods Frameworks";
			outputPaths = (
			);
			runOnlyForDeploymentPostprocessing = 0;
			shellPath = /bin/sh;
			shellScript = "\"${SRCROOT}/Pods/Target Support Files/Pods-Contact3H/Pods-Contact3H-frameworks.sh\"\n";
			showEnvVarsInLog = 0;
		};
		B534ED35366FCCFCC1CEF36E /* [CP] Check Pods Manifest.lock */ = {
			isa = PBXShellScriptBuildPhase;
			buildActionMask = 2147483647;
			files = (
			);
			inputPaths = (
			);
			name = "[CP] Check Pods Manifest.lock";
			outputPaths = (
			);
			runOnlyForDeploymentPostprocessing = 0;
			shellPath = /bin/sh;
			shellScript = "diff \"${PODS_PODFILE_DIR_PATH}/Podfile.lock\" \"${PODS_ROOT}/Manifest.lock\" > /dev/null\nif [ $? != 0 ] ; then\n    # print error to STDERR\n    echo \"error: The sandbox is not in sync with the Podfile.lock. Run 'pod install' or update your CocoaPods installation.\" >&2\n    exit 1\nfi\n";
			showEnvVarsInLog = 0;
		};
/* End PBXShellScriptBuildPhase section */

/* Begin PBXSourcesBuildPhase section */
		AAEF43AE1F65932B00BFAB16 /* Sources */ = {
			isa = PBXSourcesBuildPhase;
			buildActionMask = 2147483647;
			files = (
				AA8FF5761F66FDA800D0960B /* Contact.swift in Sources */,
				AAEF43B81F65932C00BFAB16 /* TabBarController.swift in Sources */,
				AAEF43B61F65932C00BFAB16 /* AppDelegate.swift in Sources */,
				AA7E32BF1F689F7B003E7215 /* UserDefaultKey.swift in Sources */,
				AA07FA501F6CE46600F87BFD /* ContactTableViewCell.swift in Sources */,
				AAEF43BE1F65932C00BFAB16 /* Contact3H.xcdatamodeld in Sources */,
				AA7E32C11F68A1DE003E7215 /* ContactsViewController.swift in Sources */,
				AA9F8C6B1F6CF08E00D3AD08 /* ExtensionsColor.swift in Sources */,
			);
			runOnlyForDeploymentPostprocessing = 0;
		};
/* End PBXSourcesBuildPhase section */

/* Begin PBXVariantGroup section */
		AA7E32C21F68A201003E7215 /* Contacts.storyboard */ = {
			isa = PBXVariantGroup;
			children = (
				AA7E32C31F68A201003E7215 /* Base */,
			);
			name = Contacts.storyboard;
			sourceTree = "<group>";
		};
		AAEF43B91F65932C00BFAB16 /* Main.storyboard */ = {
			isa = PBXVariantGroup;
			children = (
				AAEF43BA1F65932C00BFAB16 /* Base */,
			);
			name = Main.storyboard;
			sourceTree = "<group>";
		};
		AAEF43C11F65932C00BFAB16 /* LaunchScreen.storyboard */ = {
			isa = PBXVariantGroup;
			children = (
				AAEF43C21F65932C00BFAB16 /* Base */,
			);
			name = LaunchScreen.storyboard;
			sourceTree = "<group>";
		};
/* End PBXVariantGroup section */

/* Begin XCBuildConfiguration section */
		AAEF43C51F65932C00BFAB16 /* Debug */ = {
			isa = XCBuildConfiguration;
			buildSettings = {
				ALWAYS_SEARCH_USER_PATHS = NO;
				CLANG_ANALYZER_NONNULL = YES;
				CLANG_ANALYZER_NUMBER_OBJECT_CONVERSION = YES_AGGRESSIVE;
				CLANG_CXX_LANGUAGE_STANDARD = "gnu++0x";
				CLANG_CXX_LIBRARY = "libc++";
				CLANG_ENABLE_MODULES = YES;
				CLANG_ENABLE_OBJC_ARC = YES;
				CLANG_WARN_BOOL_CONVERSION = YES;
				CLANG_WARN_CONSTANT_CONVERSION = YES;
				CLANG_WARN_DIRECT_OBJC_ISA_USAGE = YES_ERROR;
				CLANG_WARN_DOCUMENTATION_COMMENTS = YES;
				CLANG_WARN_EMPTY_BODY = YES;
				CLANG_WARN_ENUM_CONVERSION = YES;
				CLANG_WARN_INFINITE_RECURSION = YES;
				CLANG_WARN_INT_CONVERSION = YES;
				CLANG_WARN_OBJC_ROOT_CLASS = YES_ERROR;
				CLANG_WARN_SUSPICIOUS_MOVE = YES;
				CLANG_WARN_UNREACHABLE_CODE = YES;
				CLANG_WARN__DUPLICATE_METHOD_MATCH = YES;
				"CODE_SIGN_IDENTITY[sdk=iphoneos*]" = "iPhone Developer";
				COPY_PHASE_STRIP = NO;
				DEBUG_INFORMATION_FORMAT = dwarf;
				ENABLE_STRICT_OBJC_MSGSEND = YES;
				ENABLE_TESTABILITY = YES;
				GCC_C_LANGUAGE_STANDARD = gnu99;
				GCC_DYNAMIC_NO_PIC = NO;
				GCC_NO_COMMON_BLOCKS = YES;
				GCC_OPTIMIZATION_LEVEL = 0;
				GCC_PREPROCESSOR_DEFINITIONS = (
					"DEBUG=1",
					"$(inherited)",
				);
				GCC_WARN_64_TO_32_BIT_CONVERSION = YES;
				GCC_WARN_ABOUT_RETURN_TYPE = YES_ERROR;
				GCC_WARN_UNDECLARED_SELECTOR = YES;
				GCC_WARN_UNINITIALIZED_AUTOS = YES_AGGRESSIVE;
				GCC_WARN_UNUSED_FUNCTION = YES;
				GCC_WARN_UNUSED_VARIABLE = YES;
				IPHONEOS_DEPLOYMENT_TARGET = 10.3;
				MTL_ENABLE_DEBUG_INFO = YES;
				ONLY_ACTIVE_ARCH = YES;
				SDKROOT = iphoneos;
				SWIFT_ACTIVE_COMPILATION_CONDITIONS = DEBUG;
				SWIFT_OPTIMIZATION_LEVEL = "-Onone";
				TARGETED_DEVICE_FAMILY = "1,2";
			};
			name = Debug;
		};
		AAEF43C61F65932C00BFAB16 /* Release */ = {
			isa = XCBuildConfiguration;
			buildSettings = {
				ALWAYS_SEARCH_USER_PATHS = NO;
				CLANG_ANALYZER_NONNULL = YES;
				CLANG_ANALYZER_NUMBER_OBJECT_CONVERSION = YES_AGGRESSIVE;
				CLANG_CXX_LANGUAGE_STANDARD = "gnu++0x";
				CLANG_CXX_LIBRARY = "libc++";
				CLANG_ENABLE_MODULES = YES;
				CLANG_ENABLE_OBJC_ARC = YES;
				CLANG_WARN_BOOL_CONVERSION = YES;
				CLANG_WARN_CONSTANT_CONVERSION = YES;
				CLANG_WARN_DIRECT_OBJC_ISA_USAGE = YES_ERROR;
				CLANG_WARN_DOCUMENTATION_COMMENTS = YES;
				CLANG_WARN_EMPTY_BODY = YES;
				CLANG_WARN_ENUM_CONVERSION = YES;
				CLANG_WARN_INFINITE_RECURSION = YES;
				CLANG_WARN_INT_CONVERSION = YES;
				CLANG_WARN_OBJC_ROOT_CLASS = YES_ERROR;
				CLANG_WARN_SUSPICIOUS_MOVE = YES;
				CLANG_WARN_UNREACHABLE_CODE = YES;
				CLANG_WARN__DUPLICATE_METHOD_MATCH = YES;
				"CODE_SIGN_IDENTITY[sdk=iphoneos*]" = "iPhone Developer";
				COPY_PHASE_STRIP = NO;
				DEBUG_INFORMATION_FORMAT = "dwarf-with-dsym";
				ENABLE_NS_ASSERTIONS = NO;
				ENABLE_STRICT_OBJC_MSGSEND = YES;
				GCC_C_LANGUAGE_STANDARD = gnu99;
				GCC_NO_COMMON_BLOCKS = YES;
				GCC_WARN_64_TO_32_BIT_CONVERSION = YES;
				GCC_WARN_ABOUT_RETURN_TYPE = YES_ERROR;
				GCC_WARN_UNDECLARED_SELECTOR = YES;
				GCC_WARN_UNINITIALIZED_AUTOS = YES_AGGRESSIVE;
				GCC_WARN_UNUSED_FUNCTION = YES;
				GCC_WARN_UNUSED_VARIABLE = YES;
				IPHONEOS_DEPLOYMENT_TARGET = 10.3;
				MTL_ENABLE_DEBUG_INFO = NO;
				SDKROOT = iphoneos;
				SWIFT_OPTIMIZATION_LEVEL = "-Owholemodule";
				TARGETED_DEVICE_FAMILY = "1,2";
				VALIDATE_PRODUCT = YES;
			};
			name = Release;
		};
		AAEF43C81F65932C00BFAB16 /* Debug */ = {
			isa = XCBuildConfiguration;
			baseConfigurationReference = A997F9075ADFC5C4BF86DE7B /* Pods-Contact3H.debug.xcconfig */;
			buildSettings = {
				ASSETCATALOG_COMPILER_APPICON_NAME = AppIcon;
				INFOPLIST_FILE = Contact3H/Info.plist;
				LD_RUNPATH_SEARCH_PATHS = "$(inherited) @executable_path/Frameworks";
				PRODUCT_BUNDLE_IDENTIFIER = vn.com.Contact3H;
				PRODUCT_NAME = "$(TARGET_NAME)";
				SWIFT_VERSION = 3.0;
			};
			name = Debug;
		};
		AAEF43C91F65932C00BFAB16 /* Release */ = {
			isa = XCBuildConfiguration;
			baseConfigurationReference = A455B490844E00A04DDCAF6B /* Pods-Contact3H.release.xcconfig */;
			buildSettings = {
				ASSETCATALOG_COMPILER_APPICON_NAME = AppIcon;
				INFOPLIST_FILE = Contact3H/Info.plist;
				LD_RUNPATH_SEARCH_PATHS = "$(inherited) @executable_path/Frameworks";
				PRODUCT_BUNDLE_IDENTIFIER = vn.com.Contact3H;
				PRODUCT_NAME = "$(TARGET_NAME)";
				SWIFT_VERSION = 3.0;
			};
			name = Release;
		};
/* End XCBuildConfiguration section */

/* Begin XCConfigurationList section */
		AAEF43AD1F65932B00BFAB16 /* Build configuration list for PBXProject "Contact3H" */ = {
			isa = XCConfigurationList;
			buildConfigurations = (
				AAEF43C51F65932C00BFAB16 /* Debug */,
				AAEF43C61F65932C00BFAB16 /* Release */,
			);
			defaultConfigurationIsVisible = 0;
			defaultConfigurationName = Release;
		};
		AAEF43C71F65932C00BFAB16 /* Build configuration list for PBXNativeTarget "Contact3H" */ = {
			isa = XCConfigurationList;
			buildConfigurations = (
				AAEF43C81F65932C00BFAB16 /* Debug */,
				AAEF43C91F65932C00BFAB16 /* Release */,
			);
			defaultConfigurationIsVisible = 0;
			defaultConfigurationName = Release;
		};
/* End XCConfigurationList section */

/* Begin XCVersionGroup section */
		AAEF43BC1F65932C00BFAB16 /* Contact3H.xcdatamodeld */ = {
			isa = XCVersionGroup;
			children = (
				AAEF43BD1F65932C00BFAB16 /* Contact3H.xcdatamodel */,
			);
			currentVersion = AAEF43BD1F65932C00BFAB16 /* Contact3H.xcdatamodel */;
			path = Contact3H.xcdatamodeld;
			sourceTree = "<group>";
			versionGroupType = wrapper.xcdatamodel;
		};
/* End XCVersionGroup section */
	};
	rootObject = AAEF43AA1F65932B00BFAB16 /* Project object */;
}
